// !$*UTF8*$!
{
	archiveVersion = 1;
	classes = {
	};
	objectVersion = 50;
	objects = {

/* Begin PBXBuildFile section */
		D0AF52A32397CA4C00D5B48A /* AppDelegate.m in Sources */ = {isa = PBXBuildFile; fileRef = D0AF52A22397CA4C00D5B48A /* AppDelegate.m */; };
		D0AF52A62397CA4C00D5B48A /* SceneDelegate.m in Sources */ = {isa = PBXBuildFile; fileRef = D0AF52A52397CA4C00D5B48A /* SceneDelegate.m */; };
		D0AF52A92397CA4C00D5B48A /* ViewController.m in Sources */ = {isa = PBXBuildFile; fileRef = D0AF52A82397CA4C00D5B48A /* ViewController.m */; };
		D0AF52AC2397CA4C00D5B48A /* Main.storyboard in Resources */ = {isa = PBXBuildFile; fileRef = D0AF52AA2397CA4C00D5B48A /* Main.storyboard */; };
		D0AF52AE2397CA4D00D5B48A /* Assets.xcassets in Resources */ = {isa = PBXBuildFile; fileRef = D0AF52AD2397CA4D00D5B48A /* Assets.xcassets */; };
		D0AF52B12397CA4D00D5B48A /* LaunchScreen.storyboard in Resources */ = {isa = PBXBuildFile; fileRef = D0AF52AF2397CA4D00D5B48A /* LaunchScreen.storyboard */; };
		D0AF52B42397CA4D00D5B48A /* main.m in Sources */ = {isa = PBXBuildFile; fileRef = D0AF52B32397CA4D00D5B48A /* main.m */; };
		D0AF52BC2397CEE200D5B48A /* ABCLeftViewController.m in Sources */ = {isa = PBXBuildFile; fileRef = D0AF52BB2397CEE200D5B48A /* ABCLeftViewController.m */; };
		D0AF52BF2397CEF900D5B48A /* ABCRightViewController.m in Sources */ = {isa = PBXBuildFile; fileRef = D0AF52BE2397CEF900D5B48A /* ABCRightViewController.m */; };
		D0AF52C22397CF0A00D5B48A /* ABCCenterViewController.m in Sources */ = {isa = PBXBuildFile; fileRef = D0AF52C12397CF0A00D5B48A /* ABCCenterViewController.m */; };
/* End PBXBuildFile section */

/* Begin PBXFileReference section */
		D0AF529E2397CA4C00D5B48A /* TwoFingerScroll.app */ = {isa = PBXFileReference; explicitFileType = wrapper.application; includeInIndex = 0; path = TwoFingerScroll.app; sourceTree = BUILT_PRODUCTS_DIR; };
		D0AF52A12397CA4C00D5B48A /* AppDelegate.h */ = {isa = PBXFileReference; lastKnownFileType = sourcecode.c.h; path = AppDelegate.h; sourceTree = "<group>"; };
		D0AF52A22397CA4C00D5B48A /* AppDelegate.m */ = {isa = PBXFileReference; lastKnownFileType = sourcecode.c.objc; path = AppDelegate.m; sourceTree = "<group>"; };
		D0AF52A42397CA4C00D5B48A /* SceneDelegate.h */ = {isa = PBXFileReference; lastKnownFileType = sourcecode.c.h; path = SceneDelegate.h; sourceTree = "<group>"; };
		D0AF52A52397CA4C00D5B48A /* SceneDelegate.m */ = {isa = PBXFileReference; lastKnownFileType = sourcecode.c.objc; path = SceneDelegate.m; sourceTree = "<group>"; };
		D0AF52A72397CA4C00D5B48A /* ViewController.h */ = {isa = PBXFileReference; lastKnownFileType = sourcecode.c.h; path = ViewController.h; sourceTree = "<group>"; };
		D0AF52A82397CA4C00D5B48A /* ViewController.m */ = {isa = PBXFileReference; lastKnownFileType = sourcecode.c.objc; path = ViewController.m; sourceTree = "<group>"; };
		D0AF52AB2397CA4C00D5B48A /* Base */ = {isa = PBXFileReference; lastKnownFileType = file.storyboard; name = Base; path = Base.lproj/Main.storyboard; sourceTree = "<group>"; };
		D0AF52AD2397CA4D00D5B48A /* Assets.xcassets */ = {isa = PBXFileReference; lastKnownFileType = folder.assetcatalog; path = Assets.xcassets; sourceTree = "<group>"; };
		D0AF52B02397CA4D00D5B48A /* Base */ = {isa = PBXFileReference; lastKnownFileType = file.storyboard; name = Base; path = Base.lproj/LaunchScreen.storyboard; sourceTree = "<group>"; };
		D0AF52B22397CA4D00D5B48A /* Info.plist */ = {isa = PBXFileReference; lastKnownFileType = text.plist.xml; path = Info.plist; sourceTree = "<group>"; };
		D0AF52B32397CA4D00D5B48A /* main.m */ = {isa = PBXFileReference; lastKnownFileType = sourcecode.c.objc; path = main.m; sourceTree = "<group>"; };
		D0AF52BA2397CEE200D5B48A /* ABCLeftViewController.h */ = {isa = PBXFileReference; lastKnownFileType = sourcecode.c.h; path = ABCLeftViewController.h; sourceTree = "<group>"; };
		D0AF52BB2397CEE200D5B48A /* ABCLeftViewController.m */ = {isa = PBXFileReference; lastKnownFileType = sourcecode.c.objc; path = ABCLeftViewController.m; sourceTree = "<group>"; };
		D0AF52BD2397CEF900D5B48A /* ABCRightViewController.h */ = {isa = PBXFileReference; lastKnownFileType = sourcecode.c.h; path = ABCRightViewController.h; sourceTree = "<group>"; };
		D0AF52BE2397CEF900D5B48A /* ABCRightViewController.m */ = {isa = PBXFileReference; lastKnownFileType = sourcecode.c.objc; path = ABCRightViewController.m; sourceTree = "<group>"; };
		D0AF52C02397CF0A00D5B48A /* ABCCenterViewController.h */ = {isa = PBXFileReference; lastKnownFileType = sourcecode.c.h; path = ABCCenterViewController.h; sourceTree = "<group>"; };
		D0AF52C12397CF0A00D5B48A /* ABCCenterViewController.m */ = {isa = PBXFileReference; lastKnownFileType = sourcecode.c.objc; path = ABCCenterViewController.m; sourceTree = "<group>"; };
/* End PBXFileReference section */

/* Begin PBXFrameworksBuildPhase section */
		D0AF529B2397CA4C00D5B48A /* Frameworks */ = {
			isa = PBXFrameworksBuildPhase;
			buildActionMask = 2147483647;
			files = (
			);
			runOnlyForDeploymentPostprocessing = 0;
		};
/* End PBXFrameworksBuildPhase section */

/* Begin PBXGroup section */
		D0AF52952397CA4C00D5B48A = {
			isa = PBXGroup;
			children = (
				D0AF52A02397CA4C00D5B48A /* TwoFingerScroll */,
				D0AF529F2397CA4C00D5B48A /* Products */,
			);
			sourceTree = "<group>";
		};
		D0AF529F2397CA4C00D5B48A /* Products */ = {
			isa = PBXGroup;
			children = (
				D0AF529E2397CA4C00D5B48A /* TwoFingerScroll.app */,
			);
			name = Products;
			sourceTree = "<group>";
		};
		D0AF52A02397CA4C00D5B48A /* TwoFingerScroll */ = {
			isa = PBXGroup;
			children = (
				D0AF52A12397CA4C00D5B48A /* AppDelegate.h */,
				D0AF52A22397CA4C00D5B48A /* AppDelegate.m */,
				D0AF52A42397CA4C00D5B48A /* SceneDelegate.h */,
				D0AF52A52397CA4C00D5B48A /* SceneDelegate.m */,
				D0AF52A72397CA4C00D5B48A /* ViewController.h */,
				D0AF52A82397CA4C00D5B48A /* ViewController.m */,
				D0AF52AA2397CA4C00D5B48A /* Main.storyboard */,
				D0AF52BA2397CEE200D5B48A /* ABCLeftViewController.h */,
				D0AF52BB2397CEE200D5B48A /* ABCLeftViewController.m */,
				D0AF52BD2397CEF900D5B48A /* ABCRightViewController.h */,
				D0AF52BE2397CEF900D5B48A /* ABCRightViewController.m */,
				D0AF52C02397CF0A00D5B48A /* ABCCenterViewController.h */,
				D0AF52C12397CF0A00D5B48A /* ABCCenterViewController.m */,
				D0AF52AD2397CA4D00D5B48A /* Assets.xcassets */,
				D0AF52AF2397CA4D00D5B48A /* LaunchScreen.storyboard */,
				D0AF52B22397CA4D00D5B48A /* Info.plist */,
				D0AF52B32397CA4D00D5B48A /* main.m */,
			);
			path = TwoFingerScroll;
			sourceTree = "<group>";
		};
/* End PBXGroup section */

/* Begin PBXNativeTarget section */
		D0AF529D2397CA4C00D5B48A /* TwoFingerScroll */ = {
			isa = PBXNativeTarget;
			buildConfigurationList = D0AF52B72397CA4D00D5B48A /* Build configuration list for PBXNativeTarget "TwoFingerScroll" */;
			buildPhases = (
				D0AF529A2397CA4C00D5B48A /* Sources */,
				D0AF529B2397CA4C00D5B48A /* Frameworks */,
				D0AF529C2397CA4C00D5B48A /* Resources */,
			);
			buildRules = (
			);
			dependencies = (
			);
			name = TwoFingerScroll;
			productName = TwoFingerScroll;
			productReference = D0AF529E2397CA4C00D5B48A /* TwoFingerScroll.app */;
			productType = "com.apple.product-type.application";
		};
/* End PBXNativeTarget section */

/* Begin PBXProject section */
		D0AF52962397CA4C00D5B48A /* Project object */ = {
			isa = PBXProject;
			attributes = {
				LastUpgradeCheck = 1120;
				ORGANIZATIONNAME = Justin;
				TargetAttributes = {
					D0AF529D2397CA4C00D5B48A = {
						CreatedOnToolsVersion = 11.2.1;
					};
				};
			};
			buildConfigurationList = D0AF52992397CA4C00D5B48A /* Build configuration list for PBXProject "TwoFingerScroll" */;
			compatibilityVersion = "Xcode 9.3";
			developmentRegion = en;
			hasScannedForEncodings = 0;
			knownRegions = (
				en,
				Base,
			);
			mainGroup = D0AF52952397CA4C00D5B48A;
			productRefGroup = D0AF529F2397CA4C00D5B48A /* Products */;
			projectDirPath = "";
			projectRoot = "";
			targets = (
				D0AF529D2397CA4C00D5B48A /* TwoFingerScroll */,
			);
		};
/* End PBXProject section */

/* Begin PBXResourcesBuildPhase section */
		D0AF529C2397CA4C00D5B48A /* Resources */ = {
			isa = PBXResourcesBuildPhase;
			buildActionMask = 2147483647;
			files = (
				D0AF52B12397CA4D00D5B48A /* LaunchScreen.storyboard in Resources */,
				D0AF52AE2397CA4D00D5B48A /* Assets.xcassets in Resources */,
				D0AF52AC2397CA4C00D5B48A /* Main.storyboard in Resources */,
			);
			runOnlyForDeploymentPostprocessing = 0;
		};
/* End PBXResourcesBuildPhase section */

/* Begin PBXSourcesBuildPhase section */
		D0AF529A2397CA4C00D5B48A /* Sources */ = {
			isa = PBXSourcesBuildPhase;
			buildActionMask = 2147483647;
			files = (
				D0AF52C22397CF0A00D5B48A /* ABCCenterViewController.m in Sources */,
				D0AF52A92397CA4C00D5B48A /* ViewController.m in Sources */,
				D0AF52BC2397CEE200D5B48A /* ABCLeftViewController.m in Sources */,
				D0AF52BF2397CEF900D5B48A /* ABCRightViewController.m in Sources */,
				D0AF52A32397CA4C00D5B48A /* AppDelegate.m in Sources */,
				D0AF52B42397CA4D00D5B48A /* main.m in Sources */,
				D0AF52A62397CA4C00D5B48A /* SceneDelegate.m in Sources */,
			);
			runOnlyForDeploymentPostprocessing = 0;
		};
/* End PBXSourcesBuildPhase section */

/* Begin PBXVariantGroup section */
		D0AF52AA2397CA4C00D5B48A /* Main.storyboard */ = {
			isa = PBXVariantGroup;
			children = (
				D0AF52AB2397CA4C00D5B48A /* Base */,
			);
			name = Main.storyboard;
			sourceTree = "<group>";
		};
		D0AF52AF2397CA4D00D5B48A /* LaunchScreen.storyboard */ = {
			isa = PBXVariantGroup;
			children = (
				D0AF52B02397CA4D00D5B48A /* Base */,
			);
			name = LaunchScreen.storyboard;
			sourceTree = "<group>";
		};
/* End PBXVariantGroup section */

/* Begin XCBuildConfiguration section */
		D0AF52B52397CA4D00D5B48A /* Debug */ = {
			isa = XCBuildConfiguration;
			buildSettings = {
				ALWAYS_SEARCH_USER_PATHS = NO;
				CLANG_ANALYZER_NONNULL = YES;
				CLANG_ANALYZER_NUMBER_OBJECT_CONVERSION = YES_AGGRESSIVE;
				CLANG_CXX_LANGUAGE_STANDARD = "gnu++14";
				CLANG_CXX_LIBRARY = "libc++";
				CLANG_ENABLE_MODULES = YES;
				CLANG_ENABLE_OBJC_ARC = YES;
				CLANG_ENABLE_OBJC_WEAK = YES;
				CLANG_WARN_BLOCK_CAPTURE_AUTORELEASING = YES;
				CLANG_WARN_BOOL_CONVERSION = YES;
				CLANG_WARN_COMMA = YES;
				CLANG_WARN_CONSTANT_CONVERSION = YES;
				CLANG_WARN_DEPRECATED_OBJC_IMPLEMENTATIONS = YES;
				CLANG_WARN_DIRECT_OBJC_ISA_USAGE = YES_ERROR;
				CLANG_WARN_DOCUMENTATION_COMMENTS = YES;
				CLANG_WARN_EMPTY_BODY = YES;
				CLANG_WARN_ENUM_CONVERSION = YES;
				CLANG_WARN_INFINITE_RECURSION = YES;
				CLANG_WARN_INT_CONVERSION = YES;
				CLANG_WARN_NON_LITERAL_NULL_CONVERSION = YES;
				CLANG_WARN_OBJC_IMPLICIT_RETAIN_SELF = YES;
				CLANG_WARN_OBJC_LITERAL_CONVERSION = YES;
				CLANG_WARN_OBJC_ROOT_CLASS = YES_ERROR;
				CLANG_WARN_RANGE_LOOP_ANALYSIS = YES;
				CLANG_WARN_STRICT_PROTOTYPES = YES;
				CLANG_WARN_SUSPICIOUS_MOVE = YES;
				CLANG_WARN_UNGUARDED_AVAILABILITY = YES_AGGRESSIVE;
				CLANG_WARN_UNREACHABLE_CODE = YES;
				CLANG_WARN__DUPLICATE_METHOD_MATCH = YES;
				COPY_PHASE_STRIP = NO;
				DEBUG_INFORMATION_FORMAT = dwarf;
				ENABLE_STRICT_OBJC_MSGSEND = YES;
				ENABLE_TESTABILITY = YES;
				GCC_C_LANGUAGE_STANDARD = gnu11;
				GCC_DYNAMIC_NO_PIC = NO;
				GCC_NO_COMMON_BLOCKS = YES;
				GCC_OPTIMIZATION_LEVEL = 0;
				GCC_PREPROCESSOR_DEFINITIONS = (
					"DEBUG=1",
					"$(inherited)",
				);
				GCC_WARN_64_TO_32_BIT_CONVERSION = YES;
				GCC_WARN_ABOUT_RETURN_TYPE = YES_ERROR;
				GCC_WARN_UNDECLARED_SELECTOR = YES;
				GCC_WARN_UNINITIALIZED_AUTOS = YES_AGGRESSIVE;
				GCC_WARN_UNUSED_FUNCTION = YES;
				GCC_WARN_UNUSED_VARIABLE = YES;
				IPHONEOS_DEPLOYMENT_TARGET = 13.2;
				MTL_ENABLE_DEBUG_INFO = INCLUDE_SOURCE;
				MTL_FAST_MATH = YES;
				ONLY_ACTIVE_ARCH = YES;
				SDKROOT = iphoneos;
			};
			name = Debug;
		};
		D0AF52B62397CA4D00D5B48A /* Release */ = {
			isa = XCBuildConfiguration;
			buildSettings = {
				ALWAYS_SEARCH_USER_PATHS = NO;
				CLANG_ANALYZER_NONNULL = YES;
				CLANG_ANALYZER_NUMBER_OBJECT_CONVERSION = YES_AGGRESSIVE;
				CLANG_CXX_LANGUAGE_STANDARD = "gnu++14";
				CLANG_CXX_LIBRARY = "libc++";
				CLANG_ENABLE_MODULES = YES;
				CLANG_ENABLE_OBJC_ARC = YES;
				CLANG_ENABLE_OBJC_WEAK = YES;
				CLANG_WARN_BLOCK_CAPTURE_AUTORELEASING = YES;
				CLANG_WARN_BOOL_CONVERSION = YES;
				CLANG_WARN_COMMA = YES;
				CLANG_WARN_CONSTANT_CONVERSION = YES;
				CLANG_WARN_DEPRECATED_OBJC_IMPLEMENTATIONS = YES;
				CLANG_WARN_DIRECT_OBJC_ISA_USAGE = YES_ERROR;
				CLANG_WARN_DOCUMENTATION_COMMENTS = YES;
				CLANG_WARN_EMPTY_BODY = YES;
				CLANG_WARN_ENUM_CONVERSION = YES;
				CLANG_WARN_INFINITE_RECURSION = YES;
				CLANG_WARN_INT_CONVERSION = YES;
				CLANG_WARN_NON_LITERAL_NULL_CONVERSION = YES;
				CLANG_WARN_OBJC_IMPLICIT_RETAIN_SELF = YES;
				CLANG_WARN_OBJC_LITERAL_CONVERSION = YES;
				CLANG_WARN_OBJC_ROOT_CLASS = YES_ERROR;
				CLANG_WARN_RANGE_LOOP_ANALYSIS = YES;
				CLANG_WARN_STRICT_PROTOTYPES = YES;
				CLANG_WARN_SUSPICIOUS_MOVE = YES;
				CLANG_WARN_UNGUARDED_AVAILABILITY = YES_AGGRESSIVE;
				CLANG_WARN_UNREACHABLE_CODE = YES;
				CLANG_WARN__DUPLICATE_METHOD_MATCH = YES;
				COPY_PHASE_STRIP = NO;
				DEBUG_INFORMATION_FORMAT = "dwarf-with-dsym";
				ENABLE_NS_ASSERTIONS = NO;
				ENABLE_STRICT_OBJC_MSGSEND = YES;
				GCC_C_LANGUAGE_STANDARD = gnu11;
				GCC_NO_COMMON_BLOCKS = YES;
				GCC_WARN_64_TO_32_BIT_CONVERSION = YES;
				GCC_WARN_ABOUT_RETURN_TYPE = YES_ERROR;
				GCC_WARN_UNDECLARED_SELECTOR = YES;
				GCC_WARN_UNINITIALIZED_AUTOS = YES_AGGRESSIVE;
				GCC_WARN_UNUSED_FUNCTION = YES;
				GCC_WARN_UNUSED_VARIABLE = YES;
				IPHONEOS_DEPLOYMENT_TARGET = 13.2;
				MTL_ENABLE_DEBUG_INFO = NO;
				MTL_FAST_MATH = YES;
				SDKROOT = iphoneos;
				VALIDATE_PRODUCT = YES;
			};
			name = Release;
		};
		D0AF52B82397CA4D00D5B48A /* Debug */ = {
			isa = XCBuildConfiguration;
			buildSettings = {
				ASSETCATALOG_COMPILER_APPICON_NAME = AppIcon;
				CODE_SIGN_STYLE = Automatic;
				INFOPLIST_FILE = TwoFingerScroll/Info.plist;
				LD_RUNPATH_SEARCH_PATHS = (
					"$(inherited)",
					"@executable_path/Frameworks",
				);
				PRODUCT_BUNDLE_IDENTIFIER = com.hello.TwoFingerScroll;
				PRODUCT_NAME = "$(TARGET_NAME)";
				TARGETED_DEVICE_FAMILY = 2;
			};
			name = Debug;
		};
		D0AF52B92397CA4D00D5B48A /* Release */ = {
			isa = XCBuildConfiguration;
			buildSettings = {
				ASSETCATALOG_COMPILER_APPICON_NAME = AppIcon;
				CODE_SIGN_STYLE = Automatic;
				INFOPLIST_FILE = TwoFingerScroll/Info.plist;
				LD_RUNPATH_SEARCH_PATHS = (
					"$(inherited)",
					"@executable_path/Frameworks",
				);
				PRODUCT_BUNDLE_IDENTIFIER = com.hello.TwoFingerScroll;
				PRODUCT_NAME = "$(TARGET_NAME)";
				TARGETED_DEVICE_FAMILY = 2;
			};
			name = Release;
		};
/* End XCBuildConfiguration section */

/* Begin XCConfigurationList section */
		D0AF52992397CA4C00D5B48A /* Build configuration list for PBXProject "TwoFingerScroll" */ = {
			isa = XCConfigurationList;
			buildConfigurations = (
				D0AF52B52397CA4D00D5B48A /* Debug */,
				D0AF52B62397CA4D00D5B48A /* Release */,
			);
			defaultConfigurationIsVisible = 0;
			defaultConfigurationName = Release;
		};
		D0AF52B72397CA4D00D5B48A /* Build configuration list for PBXNativeTarget "TwoFingerScroll" */ = {
			isa = XCConfigurationList;
			buildConfigurations = (
				D0AF52B82397CA4D00D5B48A /* Debug */,
				D0AF52B92397CA4D00D5B48A /* Release */,
			);
			defaultConfigurationIsVisible = 0;
			defaultConfigurationName = Release;
		};
/* End XCConfigurationList section */
	};
	rootObject = D0AF52962397CA4C00D5B48A /* Project object */;
}
